
Microsoft Visual Studio Solution File, Format Version 12.00
# Visual Studio Version 17
VisualStudioVersion = 17.0.32014.148
MinimumVisualStudioVersion = 10.0.40219.1
Project("{FAE04EC0-301F-11D3-BF4B-00C04F79EFBC}") = "ToDoProject.Application", "ToDoProject.Application\ToDoProject.Application.csproj", "{F69DBB45-48E0-49EB-A1B1-55134358A185}"
EndProject
Project("{FAE04EC0-301F-11D3-BF4B-00C04F79EFBC}") = "ToDoProject.Domain", "ToDoProject.Domain\ToDoProject.Domain.csproj", "{6A457475-7E4D-4BC3-8466-7D07FB4A1AE2}"
EndProject
Project("{FAE04EC0-301F-11D3-BF4B-00C04F79EFBC}") = "ToDoProject.Infrastructure", "ToDoProject.Infrastructure\ToDoProject.Infrastructure.csproj", "{0128320A-9C65-4417-BD42-0527CBE5A2D3}"
EndProject
Project("{FAE04EC0-301F-11D3-BF4B-00C04F79EFBC}") = "ToDoProject.Persistence", "ToDoProject.Persistence\ToDoProject.Persistence.csproj", "{1F3C3209-ECC6-4E27-A79E-7FCC2BD98C01}"
EndProject
Project("{FAE04EC0-301F-11D3-BF4B-00C04F79EFBC}") = "ToDoProject.Api", "ToDoProject.Api\ToDoProject.Api.csproj", "{61E80F8A-7CFB-4678-BC9B-95ACF29A0527}"
EndProject
Global
	GlobalSection(SolutionConfigurationPlatforms) = preSolution
		Debug|Any CPU = Debug|Any CPU
		Release|Any CPU = Release|Any CPU
	EndGlobalSection
	GlobalSection(ProjectConfigurationPlatforms) = postSolution
		{F69DBB45-48E0-49EB-A1B1-55134358A185}.Debug|Any CPU.ActiveCfg = Debug|Any CPU
		{F69DBB45-48E0-49EB-A1B1-55134358A185}.Debug|Any CPU.Build.0 = Debug|Any CPU
		{F69DBB45-48E0-49EB-A1B1-55134358A185}.Release|Any CPU.ActiveCfg = Release|Any CPU
		{F69DBB45-48E0-49EB-A1B1-55134358A185}.Release|Any CPU.Build.0 = Release|Any CPU
		{6A457475-7E4D-4BC3-8466-7D07FB4A1AE2}.Debug|Any CPU.ActiveCfg = Debug|Any CPU
		{6A457475-7E4D-4BC3-8466-7D07FB4A1AE2}.Debug|Any CPU.Build.0 = Debug|Any CPU
		{6A457475-7E4D-4BC3-8466-7D07FB4A1AE2}.Release|Any CPU.ActiveCfg = Release|Any CPU
		{6A457475-7E4D-4BC3-8466-7D07FB4A1AE2}.Release|Any CPU.Build.0 = Release|Any CPU
		{0128320A-9C65-4417-BD42-0527CBE5A2D3}.Debug|Any CPU.ActiveCfg = Debug|Any CPU
		{0128320A-9C65-4417-BD42-0527CBE5A2D3}.Debug|Any CPU.Build.0 = Debug|Any CPU
		{0128320A-9C65-4417-BD42-0527CBE5A2D3}.Release|Any CPU.ActiveCfg = Release|Any CPU
		{0128320A-9C65-4417-BD42-0527CBE5A2D3}.Release|Any CPU.Build.0 = Release|Any CPU
		{1F3C3209-ECC6-4E27-A79E-7FCC2BD98C01}.Debug|Any CPU.ActiveCfg = Debug|Any CPU
		{1F3C3209-ECC6-4E27-A79E-7FCC2BD98C01}.Debug|Any CPU.Build.0 = Debug|Any CPU
		{1F3C3209-ECC6-4E27-A79E-7FCC2BD98C01}.Release|Any CPU.ActiveCfg = Release|Any CPU
		{1F3C3209-ECC6-4E27-A79E-7FCC2BD98C01}.Release|Any CPU.Build.0 = Release|Any CPU
		{61E80F8A-7CFB-4678-BC9B-95ACF29A0527}.Debug|Any CPU.ActiveCfg = Debug|Any CPU
		{61E80F8A-7CFB-4678-BC9B-95ACF29A0527}.Debug|Any CPU.Build.0 = Debug|Any CPU
		{61E80F8A-7CFB-4678-BC9B-95ACF29A0527}.Release|Any CPU.ActiveCfg = Release|Any CPU
		{61E80F8A-7CFB-4678-BC9B-95ACF29A0527}.Release|Any CPU.Build.0 = Release|Any CPU
	EndGlobalSection
	GlobalSection(SolutionProperties) = preSolution
		HideSolutionNode = FALSE
	EndGlobalSection
	GlobalSection(ExtensibilityGlobals) = postSolution
		SolutionGuid = {E98F8A96-E842-4CD5-BCCC-9FC413239217}
	EndGlobalSection
EndGlobal
